version = 4

[[package]]
name = "app"
version = "0.1.0"
dependencies = [
 "shared 1.0.0 (registry+https://registry-a.example/index)",
 "shared 1.0.0 (registry+https://registry-b.example/index)",
 "shared 2.0.0 (registry+https://registry-a.example/index)",
 "shared 3.0.0 (sparse+https://registry-c.example/index)",
 "shared 9.0.0 (registry+https://registry-a.example/index)",
]

[[package]]
name = "shared"
version = "1.0.0"
source = "registry+https://registry-a.example/index"

[[package]]
name = "shared"
version = "1.0.0"
source = "registry+https://registry-b.example/index"

[[package]]
name = "shared"
version = "2.0.0"
source = "registry+https://registry-a.example/index"

[[package]]
name = "shared"
version = "3.0.0"
source = "sparse+https://registry-c.example/index"
