[root]
name = "legacy-app"
version = "1.0.0"
dependencies = [
 "shared 1.0.0 (registry+https://registry-a.example/index)",
 "shared 1.0.0 (registry+https://registry-b.example/index)",
]

[[package]]
name = "shared"
version = "1.0.0"
source = "registry+https://registry-a.example/index"

[[package]]
name = "shared"
version = "1.0.0"
source = "registry+https://registry-b.example/index"

[metadata]
"checksum shared 1.0.0 (registry+https://registry-a.example/index)" = "aaaaaaaaaaaaaaaaaaaaaaaaaaaaaaaaaaaaaaaaaaaaaaaaaaaaaaaaaaaaaaaa"
"checksum shared 1.0.0 (registry+https://registry-b.example/index)" = "bbbbbbbbbbbbbbbbbbbbbbbbbbbbbbbbbbbbbbbbbbbbbbbbbbbbbbbbbbbbbbbb"
"future-field" = "opaque"
