[root]
name = "legacy-app"
version = "1.0.0"
dependencies = [
 "left 1.0.0 (registry+https://github.com/rust-lang/crates.io-index)",
]

[[package]]
name = "left"
version = "1.0.0"
source = "registry+https://github.com/rust-lang/crates.io-index"
checksum = "aaaaaaaaaaaaaaaaaaaaaaaaaaaaaaaaaaaaaaaaaaaaaaaaaaaaaaaaaaaaaaaa"
