[[package]]
name = "app"
version = "0.1.0"
dependencies = [
 "ghost",
]

[[package]]
name = "left"
version = "1.0.0"
dependencies = [
 "shared 1.0.0",
]

[[package]]
name = "right"
version = "1.0.0"
dependencies = [
 "shared 2.0.0",
]

[[package]]
name = "shared"
version = "1.0.0"
source = "registry+https://github.com/rust-lang/crates.io-index"
checksum = "1111111111111111111111111111111111111111111111111111111111111111"

[[package]]
name = "shared"
version = "2.0.0"
source = "registry+https://github.com/rust-lang/crates.io-index"
checksum = "2222222222222222222222222222222222222222222222222222222222222222"

[[package]]
name = "top"
version = "0.2.0"
dependencies = [
 "shared",
 "tool",
]

[[package]]
name = "tool"
version = "0.3.0"
source = "git+https://github.com/example-org/tool#abc123"
