lockfileVersion: '9.0'
settings:
  autoInstallPeers: true
  excludeLinksFromLockfile: false
importers:
  .:
    dependencies:
      foo:
        specifier: ^1.0.0
        version: 1.2.0(peer@2.0.0)
      context-tool:
        specifier: ^1.0.0
        version: 1.0.0(peer@1.0.0)
    devDependencies:
      '@scope/tool':
        specifier: 4.0.0
        version: 4.0.0
    optionalDependencies:
      optional-only:
        specifier: ~3.0.0
        version: 3.1.0
      workspace-kit:
        specifier: workspace:*
        version: link:../workspace-kit
packages:
  foo@1.2.0:
    resolution: {integrity: sha512-Zm9v}
    engines: {node: '>=18'}
  peer@2.0.0:
    resolution: {integrity: sha512-cGVsbG8=}
  peer@1.0.0:
    resolution: {integrity: sha512-cGVsbG8x}
  context-tool@1.0.0:
    resolution: {integrity: sha512-Y29udGV4dA==}
  '@scope/tool@4.0.0':
    resolution: {integrity: sha512-dG9vbA==}
  optional-only@3.1.0:
    resolution:
      integrity: sha512-b3B0
      tarball: https://registry.example/optional-only-3.1.0.tgz
snapshots:
  foo@1.2.0(peer@2.0.0):
    dependencies:
      peer: 2.0.0
    transitivePeerDependencies:
      - react
  context-tool@1.0.0(peer@1.0.0):
    dependencies:
      peer: 1.0.0
  context-tool@1.0.0(peer@2.0.0):
    dependencies:
      peer: 2.0.0
  peer@2.0.0: {}
  peer@1.0.0: {}
  context-tool@1.0.0: {}
  '@scope/tool@4.0.0': {}
  optional-only@3.1.0: {}
