version = 1
revision = 3
requires-python = ">=3.9"
resolution-markers = []

[manifest]
members = [
    "uv-demo",
]

[[package]]
name = "alpha"
version = "1.4.2"
source = { registry = "https://pypi.org/simple" }
dependencies = [
    { name = "beta", version = "2.0.0", source = { registry = "https://pypi.org/simple" } },
]
sdist = { url = "https://files.pythonhosted.org/alpha.tar.gz", hash = "sha256:aaaaaaaaaaaaaaaaaaaaaaaaaaaaaaaaaaaaaaaaaaaaaaaaaaaaaaaaaaaaaaaa", size = 42 }
wheels = [
    { url = "https://files.pythonhosted.org/alpha.whl", hash = "sha256:bbbbbbbbbbbbbbbbbbbbbbbbbbbbbbbbbbbbbbbbbbbbbbbbbbbbbbbbbbbbbbbb", size = 21 },
]

[[package]]
name = "beta"
version = "2.0.0"
source = { registry = "https://pypi.org/simple" }
dependencies = [
    { name = "gamma", version = "3.1.0", source = { registry = "https://pypi.org/simple" }, marker = "python_full_version < '3.12'" },
]
sdist = { url = "https://files.pythonhosted.org/beta.tar.gz", hash = "sha256:cccccccccccccccccccccccccccccccccccccccccccccccccccccccccccccccc", size = 22 }

[[package]]
name = "gamma"
version = "3.1.0"
source = { registry = "https://pypi.org/simple" }
sdist = { url = "https://files.pythonhosted.org/gamma.tar.gz", hash = "sha256:dddddddddddddddddddddddddddddddddddddddddddddddddddddddddddddddd", size = 23 }
