# THIS IS AN AUTOGENERATED FILE. DO NOT EDIT THIS FILE DIRECTLY.
# yarn lockfile v1

"@scope/tool@^1.0.0", "@scope/tool@~1.2.0":
  version "1.2.4"
  resolved "https://registry-a.example/@scope/tool-1.2.4.tgz#source-a"
  integrity sha512-dG9vbC1pbnRlZ3JpdHktdG9vbA==
  dependencies:
    helper "^2.0.0"
  optionalDependencies:
    optional-helper "~1.0.0"

helper@^2.0.0:
  version "2.3.0"
  resolved "https://registry-a.example/helper-2.3.0.tgz"
  dependencies:
    shared "^1.0.0"

shared@^1.0.0:
  version "1.0.0"
  resolved "https://registry-a.example/shared-1.0.0.tgz"
  integrity sha512-c2hhcmVkLWE=

optional-helper@~1.0.0:
  version "1.1.0"
  resolved "https://registry-a.example/optional-helper-1.1.0.tgz"
  dependencies:
    shared "~1.0.0"

shared@~1.0.0:
  version "1.0.0"
  resolved "https://registry-b.example/shared-1.0.0.tgz"
  integrity sha512-c2hhcmVkLWI=

dev-only@^1.0.0:
  version "1.3.0"
  resolved "https://registry-a.example/dev-only-1.3.0.tgz"

"git-tool@git+https://github.com/example/git-tool.git#deadbeef":
  version "1.0.0"
  resolved "https://github.com/example/git-tool.git#deadbeef"
